// !$*UTF8*$!
{
	archiveVersion = 1;
	classes = {
	};
	objectVersion = 56;
	objects = {

/* Begin PBXBuildFile section */
		15BFF5A62C10B99C0014B668 /* ExerciseWallesterApp.swift in Sources */ = {isa = PBXBuildFile; fileRef = 15BFF5A52C10B99C0014B668 /* ExerciseWallesterApp.swift */; };
		15BFF5A82C10B99C0014B668 /* ContentView.swift in Sources */ = {isa = PBXBuildFile; fileRef = 15BFF5A72C10B99C0014B668 /* ContentView.swift */; };
		15BFF5AA2C10B99E0014B668 /* Assets.xcassets in Resources */ = {isa = PBXBuildFile; fileRef = 15BFF5A92C10B99E0014B668 /* Assets.xcassets */; };
		15BFF5AD2C10B99E0014B668 /* Preview Assets.xcassets in Resources */ = {isa = PBXBuildFile; fileRef = 15BFF5AC2C10B99E0014B668 /* Preview Assets.xcassets */; };
		15BFF5DD2C10BA440014B668 /* CoinDataService.swift in Sources */ = {isa = PBXBuildFile; fileRef = 15BFF5B32C10BA440014B668 /* CoinDataService.swift */; };
		15BFF5DE2C10BA440014B668 /* CurrencyService.swift in Sources */ = {isa = PBXBuildFile; fileRef = 15BFF5B42C10BA440014B668 /* CurrencyService.swift */; };
		15BFF5DF2C10BA440014B668 /* LocationManager.swift in Sources */ = {isa = PBXBuildFile; fileRef = 15BFF5B52C10BA440014B668 /* LocationManager.swift */; };
		15BFF5E02C10BA440014B668 /* NetworkingManager.swift in Sources */ = {isa = PBXBuildFile; fileRef = 15BFF5B62C10BA440014B668 /* NetworkingManager.swift */; };
		15BFF5E12C10BA440014B668 /* CoinDetailModel.swift in Sources */ = {isa = PBXBuildFile; fileRef = 15BFF5B82C10BA440014B668 /* CoinDetailModel.swift */; };
		15BFF5E22C10BA440014B668 /* CoinHistoricalChartDataModel.swift in Sources */ = {isa = PBXBuildFile; fileRef = 15BFF5B92C10BA440014B668 /* CoinHistoricalChartDataModel.swift */; };
		15BFF5E32C10BA440014B668 /* CoinModel.swift in Sources */ = {isa = PBXBuildFile; fileRef = 15BFF5BA2C10BA440014B668 /* CoinModel.swift */; };
		15BFF5E42C10BA440014B668 /* DetailChartView.swift in Sources */ = {isa = PBXBuildFile; fileRef = 15BFF5BC2C10BA440014B668 /* DetailChartView.swift */; };
		15BFF5E52C10BA440014B668 /* DetailView.swift in Sources */ = {isa = PBXBuildFile; fileRef = 15BFF5BD2C10BA440014B668 /* DetailView.swift */; };
		15BFF5E62C10BA440014B668 /* DetailViewModel.swift in Sources */ = {isa = PBXBuildFile; fileRef = 15BFF5BE2C10BA440014B668 /* DetailViewModel.swift */; };
		15BFF5E72C10BA440014B668 /* ChartView.swift in Sources */ = {isa = PBXBuildFile; fileRef = 15BFF5C02C10BA440014B668 /* ChartView.swift */; };
		15BFF5E82C10BA440014B668 /* CoinListView.swift in Sources */ = {isa = PBXBuildFile; fileRef = 15BFF5C12C10BA440014B668 /* CoinListView.swift */; };
		15BFF5E92C10BA440014B668 /* MarketView.swift in Sources */ = {isa = PBXBuildFile; fileRef = 15BFF5C22C10BA440014B668 /* MarketView.swift */; };
		15BFF5EA2C10BA440014B668 /* MarketViewModel.swift in Sources */ = {isa = PBXBuildFile; fileRef = 15BFF5C32C10BA440014B668 /* MarketViewModel.swift */; };
		15BFF5EB2C10BA440014B668 /* AppFont.swift in Sources */ = {isa = PBXBuildFile; fileRef = 15BFF5C62C10BA440014B668 /* AppFont.swift */; };
		15BFF5EC2C10BA440014B668 /* Poppins-Regular.ttf in Resources */ = {isa = PBXBuildFile; fileRef = 15BFF5C72C10BA440014B668 /* Poppins-Regular.ttf */; };
		15BFF5ED2C10BA440014B668 /* Poppins-SemiBold.ttf in Resources */ = {isa = PBXBuildFile; fileRef = 15BFF5C82C10BA440014B668 /* Poppins-SemiBold.ttf */; };
		15BFF5EE2C10BA440014B668 /* Double.swift in Sources */ = {isa = PBXBuildFile; fileRef = 15BFF5CB2C10BA440014B668 /* Double.swift */; };
		15BFF5EF2C10BA440014B668 /* Font.swift in Sources */ = {isa = PBXBuildFile; fileRef = 15BFF5CC2C10BA440014B668 /* Font.swift */; };
		15BFF5F02C10BA440014B668 /* SortCoins.swift in Sources */ = {isa = PBXBuildFile; fileRef = 15BFF5CD2C10BA440014B668 /* SortCoins.swift */; };
		15BFF5F12C10BA440014B668 /* SortOption+enum.swift in Sources */ = {isa = PBXBuildFile; fileRef = 15BFF5CE2C10BA440014B668 /* SortOption+enum.swift */; };
		15BFF5F22C10BA440014B668 /* MarketNavigation.swift in Sources */ = {isa = PBXBuildFile; fileRef = 15BFF5D02C10BA440014B668 /* MarketNavigation.swift */; };
		15BFF5F32C10BA440014B668 /* DetailCryptoCurrencyProtocol.swift in Sources */ = {isa = PBXBuildFile; fileRef = 15BFF5D22C10BA440014B668 /* DetailCryptoCurrencyProtocol.swift */; };
		15BFF5F42C10BA440014B668 /* MarketCryptoCurrencyProtocol.swift in Sources */ = {isa = PBXBuildFile; fileRef = 15BFF5D32C10BA440014B668 /* MarketCryptoCurrencyProtocol.swift */; };
		15BFF5F52C10BA440014B668 /* TimerProtocol.swift in Sources */ = {isa = PBXBuildFile; fileRef = 15BFF5D42C10BA440014B668 /* TimerProtocol.swift */; };
		15BFF5F62C10BA440014B668 /* AsyncImage.swift in Sources */ = {isa = PBXBuildFile; fileRef = 15BFF5D62C10BA440014B668 /* AsyncImage.swift */; };
		15BFF5F72C10BA440014B668 /* ChartHelpers.swift in Sources */ = {isa = PBXBuildFile; fileRef = 15BFF5D72C10BA440014B668 /* ChartHelpers.swift */; };
		15BFF5F82C10BA440014B668 /* LoadingView.swift in Sources */ = {isa = PBXBuildFile; fileRef = 15BFF5D82C10BA440014B668 /* LoadingView.swift */; };
		15BFF5F92C10BA440014B668 /* ViewHelpers.swift in Sources */ = {isa = PBXBuildFile; fileRef = 15BFF5D92C10BA440014B668 /* ViewHelpers.swift */; };
		15BFF5FA2C10BA440014B668 /* ViewOffsetKey.swift in Sources */ = {isa = PBXBuildFile; fileRef = 15BFF5DA2C10BA440014B668 /* ViewOffsetKey.swift */; };
/* End PBXBuildFile section */

/* Begin PBXFileReference section */
		15BFF5A22C10B99C0014B668 /* ExerciseWallester.app */ = {isa = PBXFileReference; explicitFileType = wrapper.application; includeInIndex = 0; path = ExerciseWallester.app; sourceTree = BUILT_PRODUCTS_DIR; };
		15BFF5A52C10B99C0014B668 /* ExerciseWallesterApp.swift */ = {isa = PBXFileReference; lastKnownFileType = sourcecode.swift; path = ExerciseWallesterApp.swift; sourceTree = "<group>"; };
		15BFF5A72C10B99C0014B668 /* ContentView.swift */ = {isa = PBXFileReference; lastKnownFileType = sourcecode.swift; path = ContentView.swift; sourceTree = "<group>"; };
		15BFF5A92C10B99E0014B668 /* Assets.xcassets */ = {isa = PBXFileReference; lastKnownFileType = folder.assetcatalog; path = Assets.xcassets; sourceTree = "<group>"; };
		15BFF5AC2C10B99E0014B668 /* Preview Assets.xcassets */ = {isa = PBXFileReference; lastKnownFileType = folder.assetcatalog; path = "Preview Assets.xcassets"; sourceTree = "<group>"; };
		15BFF5B32C10BA440014B668 /* CoinDataService.swift */ = {isa = PBXFileReference; fileEncoding = 4; lastKnownFileType = sourcecode.swift; path = CoinDataService.swift; sourceTree = "<group>"; };
		15BFF5B42C10BA440014B668 /* CurrencyService.swift */ = {isa = PBXFileReference; fileEncoding = 4; lastKnownFileType = sourcecode.swift; path = CurrencyService.swift; sourceTree = "<group>"; };
		15BFF5B52C10BA440014B668 /* LocationManager.swift */ = {isa = PBXFileReference; fileEncoding = 4; lastKnownFileType = sourcecode.swift; path = LocationManager.swift; sourceTree = "<group>"; };
		15BFF5B62C10BA440014B668 /* NetworkingManager.swift */ = {isa = PBXFileReference; fileEncoding = 4; lastKnownFileType = sourcecode.swift; path = NetworkingManager.swift; sourceTree = "<group>"; };
		15BFF5B82C10BA440014B668 /* CoinDetailModel.swift */ = {isa = PBXFileReference; fileEncoding = 4; lastKnownFileType = sourcecode.swift; path = CoinDetailModel.swift; sourceTree = "<group>"; };
		15BFF5B92C10BA440014B668 /* CoinHistoricalChartDataModel.swift */ = {isa = PBXFileReference; fileEncoding = 4; lastKnownFileType = sourcecode.swift; path = CoinHistoricalChartDataModel.swift; sourceTree = "<group>"; };
		15BFF5BA2C10BA440014B668 /* CoinModel.swift */ = {isa = PBXFileReference; fileEncoding = 4; lastKnownFileType = sourcecode.swift; path = CoinModel.swift; sourceTree = "<group>"; };
		15BFF5BC2C10BA440014B668 /* DetailChartView.swift */ = {isa = PBXFileReference; fileEncoding = 4; lastKnownFileType = sourcecode.swift; path = DetailChartView.swift; sourceTree = "<group>"; };
		15BFF5BD2C10BA440014B668 /* DetailView.swift */ = {isa = PBXFileReference; fileEncoding = 4; lastKnownFileType = sourcecode.swift; path = DetailView.swift; sourceTree = "<group>"; };
		15BFF5BE2C10BA440014B668 /* DetailViewModel.swift */ = {isa = PBXFileReference; fileEncoding = 4; lastKnownFileType = sourcecode.swift; path = DetailViewModel.swift; sourceTree = "<group>"; };
		15BFF5C02C10BA440014B668 /* ChartView.swift */ = {isa = PBXFileReference; fileEncoding = 4; lastKnownFileType = sourcecode.swift; path = ChartView.swift; sourceTree = "<group>"; };
		15BFF5C12C10BA440014B668 /* CoinListView.swift */ = {isa = PBXFileReference; fileEncoding = 4; lastKnownFileType = sourcecode.swift; path = CoinListView.swift; sourceTree = "<group>"; };
		15BFF5C22C10BA440014B668 /* MarketView.swift */ = {isa = PBXFileReference; fileEncoding = 4; lastKnownFileType = sourcecode.swift; path = MarketView.swift; sourceTree = "<group>"; };
		15BFF5C32C10BA440014B668 /* MarketViewModel.swift */ = {isa = PBXFileReference; fileEncoding = 4; lastKnownFileType = sourcecode.swift; path = MarketViewModel.swift; sourceTree = "<group>"; };
		15BFF5C62C10BA440014B668 /* AppFont.swift */ = {isa = PBXFileReference; fileEncoding = 4; lastKnownFileType = sourcecode.swift; path = AppFont.swift; sourceTree = "<group>"; };
		15BFF5C72C10BA440014B668 /* Poppins-Regular.ttf */ = {isa = PBXFileReference; lastKnownFileType = file; path = "Poppins-Regular.ttf"; sourceTree = "<group>"; };
		15BFF5C82C10BA440014B668 /* Poppins-SemiBold.ttf */ = {isa = PBXFileReference; lastKnownFileType = file; path = "Poppins-SemiBold.ttf"; sourceTree = "<group>"; };
		15BFF5CB2C10BA440014B668 /* Double.swift */ = {isa = PBXFileReference; fileEncoding = 4; lastKnownFileType = sourcecode.swift; path = Double.swift; sourceTree = "<group>"; };
		15BFF5CC2C10BA440014B668 /* Font.swift */ = {isa = PBXFileReference; fileEncoding = 4; lastKnownFileType = sourcecode.swift; path = Font.swift; sourceTree = "<group>"; };
		15BFF5CD2C10BA440014B668 /* SortCoins.swift */ = {isa = PBXFileReference; fileEncoding = 4; lastKnownFileType = sourcecode.swift; path = SortCoins.swift; sourceTree = "<group>"; };
		15BFF5CE2C10BA440014B668 /* SortOption+enum.swift */ = {isa = PBXFileReference; fileEncoding = 4; lastKnownFileType = sourcecode.swift; path = "SortOption+enum.swift"; sourceTree = "<group>"; };
		15BFF5D02C10BA440014B668 /* MarketNavigation.swift */ = {isa = PBXFileReference; fileEncoding = 4; lastKnownFileType = sourcecode.swift; path = MarketNavigation.swift; sourceTree = "<group>"; };
		15BFF5D22C10BA440014B668 /* DetailCryptoCurrencyProtocol.swift */ = {isa = PBXFileReference; fileEncoding = 4; lastKnownFileType = sourcecode.swift; path = DetailCryptoCurrencyProtocol.swift; sourceTree = "<group>"; };
		15BFF5D32C10BA440014B668 /* MarketCryptoCurrencyProtocol.swift */ = {isa = PBXFileReference; fileEncoding = 4; lastKnownFileType = sourcecode.swift; path = MarketCryptoCurrencyProtocol.swift; sourceTree = "<group>"; };
		15BFF5D42C10BA440014B668 /* TimerProtocol.swift */ = {isa = PBXFileReference; fileEncoding = 4; lastKnownFileType = sourcecode.swift; path = TimerProtocol.swift; sourceTree = "<group>"; };
		15BFF5D62C10BA440014B668 /* AsyncImage.swift */ = {isa = PBXFileReference; fileEncoding = 4; lastKnownFileType = sourcecode.swift; path = AsyncImage.swift; sourceTree = "<group>"; };
		15BFF5D72C10BA440014B668 /* ChartHelpers.swift */ = {isa = PBXFileReference; fileEncoding = 4; lastKnownFileType = sourcecode.swift; path = ChartHelpers.swift; sourceTree = "<group>"; };
		15BFF5D82C10BA440014B668 /* LoadingView.swift */ = {isa = PBXFileReference; fileEncoding = 4; lastKnownFileType = sourcecode.swift; path = LoadingView.swift; sourceTree = "<group>"; };
		15BFF5D92C10BA440014B668 /* ViewHelpers.swift */ = {isa = PBXFileReference; fileEncoding = 4; lastKnownFileType = sourcecode.swift; path = ViewHelpers.swift; sourceTree = "<group>"; };
		15BFF5DA2C10BA440014B668 /* ViewOffsetKey.swift */ = {isa = PBXFileReference; fileEncoding = 4; lastKnownFileType = sourcecode.swift; path = ViewOffsetKey.swift; sourceTree = "<group>"; };
/* End PBXFileReference section */

/* Begin PBXFrameworksBuildPhase section */
		15BFF59F2C10B99C0014B668 /* Frameworks */ = {
			isa = PBXFrameworksBuildPhase;
			buildActionMask = 2147483647;
			files = (
			);
			runOnlyForDeploymentPostprocessing = 0;
		};
/* End PBXFrameworksBuildPhase section */

/* Begin PBXGroup section */
		15BFF5992C10B99C0014B668 = {
			isa = PBXGroup;
			children = (
				15BFF5A42C10B99C0014B668 /* ExerciseWallester */,
				15BFF5A32C10B99C0014B668 /* Products */,
			);
			sourceTree = "<group>";
		};
		15BFF5A32C10B99C0014B668 /* Products */ = {
			isa = PBXGroup;
			children = (
				15BFF5A22C10B99C0014B668 /* ExerciseWallester.app */,
			);
			name = Products;
			sourceTree = "<group>";
		};
		15BFF5A42C10B99C0014B668 /* ExerciseWallester */ = {
			isa = PBXGroup;
			children = (
				15BFF5A52C10B99C0014B668 /* ExerciseWallesterApp.swift */,
				15BFF5A72C10B99C0014B668 /* ContentView.swift */,
				15BFF5BB2C10BA440014B668 /* Models */,
				15BFF5C52C10BA440014B668 /* Screens */,
				15BFF5B72C10BA440014B668 /* Services */,
				15BFF5DC2C10BA440014B668 /* Shared */,
				15BFF5AB2C10B99E0014B668 /* Preview Content */,
			);
			path = ExerciseWallester;
			sourceTree = "<group>";
		};
		15BFF5AB2C10B99E0014B668 /* Preview Content */ = {
			isa = PBXGroup;
			children = (
				15BFF5AC2C10B99E0014B668 /* Preview Assets.xcassets */,
			);
			path = "Preview Content";
			sourceTree = "<group>";
		};
		15BFF5B72C10BA440014B668 /* Services */ = {
			isa = PBXGroup;
			children = (
				15BFF5B32C10BA440014B668 /* CoinDataService.swift */,
				15BFF5B42C10BA440014B668 /* CurrencyService.swift */,
				15BFF5B52C10BA440014B668 /* LocationManager.swift */,
				15BFF5B62C10BA440014B668 /* NetworkingManager.swift */,
			);
			path = Services;
			sourceTree = "<group>";
		};
		15BFF5BB2C10BA440014B668 /* Models */ = {
			isa = PBXGroup;
			children = (
				15BFF5B82C10BA440014B668 /* CoinDetailModel.swift */,
				15BFF5B92C10BA440014B668 /* CoinHistoricalChartDataModel.swift */,
				15BFF5BA2C10BA440014B668 /* CoinModel.swift */,
			);
			path = Models;
			sourceTree = "<group>";
		};
		15BFF5BF2C10BA440014B668 /* Detail */ = {
			isa = PBXGroup;
			children = (
				15BFF5BD2C10BA440014B668 /* DetailView.swift */,
				15BFF5BE2C10BA440014B668 /* DetailViewModel.swift */,
				15BFF5BC2C10BA440014B668 /* DetailChartView.swift */,
			);
			path = Detail;
			sourceTree = "<group>";
		};
		15BFF5C42C10BA440014B668 /* Market */ = {
			isa = PBXGroup;
			children = (
				15BFF5C22C10BA440014B668 /* MarketView.swift */,
				15BFF5C32C10BA440014B668 /* MarketViewModel.swift */,
				15BFF5C02C10BA440014B668 /* ChartView.swift */,
				15BFF5C12C10BA440014B668 /* CoinListView.swift */,
				15BFF5BF2C10BA440014B668 /* Detail */,
			);
			path = Market;
			sourceTree = "<group>";
		};
		15BFF5C52C10BA440014B668 /* Screens */ = {
			isa = PBXGroup;
			children = (
				15BFF5C42C10BA440014B668 /* Market */,
			);
			path = Screens;
			sourceTree = "<group>";
		};
		15BFF5C92C10BA440014B668 /* Fonts */ = {
			isa = PBXGroup;
			children = (
				15BFF5C62C10BA440014B668 /* AppFont.swift */,
				15BFF5C72C10BA440014B668 /* Poppins-Regular.ttf */,
				15BFF5C82C10BA440014B668 /* Poppins-SemiBold.ttf */,
			);
			path = Fonts;
			sourceTree = "<group>";
		};
		15BFF5CA2C10BA440014B668 /* Assets */ = {
			isa = PBXGroup;
			children = (
				15BFF5A92C10B99E0014B668 /* Assets.xcassets */,
				15BFF5C92C10BA440014B668 /* Fonts */,
			);
			path = Assets;
			sourceTree = "<group>";
		};
		15BFF5CF2C10BA440014B668 /* Extensions */ = {
			isa = PBXGroup;
			children = (
				15BFF5CB2C10BA440014B668 /* Double.swift */,
				15BFF5CC2C10BA440014B668 /* Font.swift */,
				15BFF5CD2C10BA440014B668 /* SortCoins.swift */,
				15BFF5CE2C10BA440014B668 /* SortOption+enum.swift */,
			);
			path = Extensions;
			sourceTree = "<group>";
		};
		15BFF5D12C10BA440014B668 /* Navigation */ = {
			isa = PBXGroup;
			children = (
				15BFF5D02C10BA440014B668 /* MarketNavigation.swift */,
			);
			path = Navigation;
			sourceTree = "<group>";
		};
		15BFF5D52C10BA440014B668 /* Protocols */ = {
			isa = PBXGroup;
			children = (
				15BFF5D22C10BA440014B668 /* DetailCryptoCurrencyProtocol.swift */,
				15BFF5D32C10BA440014B668 /* MarketCryptoCurrencyProtocol.swift */,
				15BFF5D42C10BA440014B668 /* TimerProtocol.swift */,
			);
			path = Protocols;
			sourceTree = "<group>";
		};
		15BFF5DB2C10BA440014B668 /* Utils */ = {
			isa = PBXGroup;
			children = (
				15BFF5D62C10BA440014B668 /* AsyncImage.swift */,
				15BFF5D72C10BA440014B668 /* ChartHelpers.swift */,
				15BFF5D82C10BA440014B668 /* LoadingView.swift */,
				15BFF5D92C10BA440014B668 /* ViewHelpers.swift */,
				15BFF5DA2C10BA440014B668 /* ViewOffsetKey.swift */,
			);
			path = Utils;
			sourceTree = "<group>";
		};
		15BFF5DC2C10BA440014B668 /* Shared */ = {
			isa = PBXGroup;
			children = (
				15BFF5CA2C10BA440014B668 /* Assets */,
				15BFF5CF2C10BA440014B668 /* Extensions */,
				15BFF5D12C10BA440014B668 /* Navigation */,
				15BFF5D52C10BA440014B668 /* Protocols */,
				15BFF5DB2C10BA440014B668 /* Utils */,
			);
			path = Shared;
			sourceTree = "<group>";
		};
/* End PBXGroup section */

/* Begin PBXNativeTarget section */
		15BFF5A12C10B99C0014B668 /* ExerciseWallester */ = {
			isa = PBXNativeTarget;
			buildConfigurationList = 15BFF5B02C10B99E0014B668 /* Build configuration list for PBXNativeTarget "ExerciseWallester" */;
			buildPhases = (
				15BFF59E2C10B99C0014B668 /* Sources */,
				15BFF59F2C10B99C0014B668 /* Frameworks */,
				15BFF5A02C10B99C0014B668 /* Resources */,
				15BFF5FC2C10BBB80014B668 /* SwiftLint */,
				15BFF5FD2C10BBC10014B668 /* SwiftFormat */,
			);
			buildRules = (
			);
			dependencies = (
			);
			name = ExerciseWallester;
			productName = ExerciseWallester;
			productReference = 15BFF5A22C10B99C0014B668 /* ExerciseWallester.app */;
			productType = "com.apple.product-type.application";
		};
/* End PBXNativeTarget section */

/* Begin PBXProject section */
		15BFF59A2C10B99C0014B668 /* Project object */ = {
			isa = PBXProject;
			attributes = {
				BuildIndependentTargetsInParallel = 1;
				LastSwiftUpdateCheck = 1540;
				LastUpgradeCheck = 1540;
				TargetAttributes = {
					15BFF5A12C10B99C0014B668 = {
						CreatedOnToolsVersion = 15.4;
					};
				};
			};
			buildConfigurationList = 15BFF59D2C10B99C0014B668 /* Build configuration list for PBXProject "ExerciseWallester" */;
			compatibilityVersion = "Xcode 14.0";
			developmentRegion = en;
			hasScannedForEncodings = 0;
			knownRegions = (
				en,
				Base,
			);
			mainGroup = 15BFF5992C10B99C0014B668;
			productRefGroup = 15BFF5A32C10B99C0014B668 /* Products */;
			projectDirPath = "";
			projectRoot = "";
			targets = (
				15BFF5A12C10B99C0014B668 /* ExerciseWallester */,
			);
		};
/* End PBXProject section */

/* Begin PBXResourcesBuildPhase section */
		15BFF5A02C10B99C0014B668 /* Resources */ = {
			isa = PBXResourcesBuildPhase;
			buildActionMask = 2147483647;
			files = (
				15BFF5EC2C10BA440014B668 /* Poppins-Regular.ttf in Resources */,
				15BFF5ED2C10BA440014B668 /* Poppins-SemiBold.ttf in Resources */,
				15BFF5AD2C10B99E0014B668 /* Preview Assets.xcassets in Resources */,
				15BFF5AA2C10B99E0014B668 /* Assets.xcassets in Resources */,
			);
			runOnlyForDeploymentPostprocessing = 0;
		};
/* End PBXResourcesBuildPhase section */

/* Begin PBXShellScriptBuildPhase section */
		15BFF5FC2C10BBB80014B668 /* SwiftLint */ = {
			isa = PBXShellScriptBuildPhase;
			buildActionMask = 2147483647;
			files = (
			);
			inputFileListPaths = (
			);
			inputPaths = (
			);
			name = SwiftLint;
			outputFileListPaths = (
			);
			outputPaths = (
			);
			runOnlyForDeploymentPostprocessing = 0;
			shellPath = /bin/sh;
			shellScript = "# Type a script or drag a script file from your workspace to insert its path.\nif which swiftlint >/dev/null; then\n  swiftlint\nelse\n  echo \"warning: SwiftLint not installed, download from https://github.com/realm/SwiftLint\"\nfi\n";
		};
		15BFF5FD2C10BBC10014B668 /* SwiftFormat */ = {
			isa = PBXShellScriptBuildPhase;
			buildActionMask = 2147483647;
			files = (
			);
			inputFileListPaths = (
			);
			inputPaths = (
			);
			name = SwiftFormat;
			outputFileListPaths = (
			);
			outputPaths = (
			);
			runOnlyForDeploymentPostprocessing = 0;
			shellPath = /bin/sh;
			shellScript = "# Type a script or drag a script file from your workspace to insert its path.\nif which swiftformat >/dev/null; then\n  swiftformat .\nelse\n  echo \"warning: SwiftFormat not installed. Install it with 'brew install swiftformat'\"\nfi\n";
		};
/* End PBXShellScriptBuildPhase section */

/* Begin PBXSourcesBuildPhase section */
		15BFF59E2C10B99C0014B668 /* Sources */ = {
			isa = PBXSourcesBuildPhase;
			buildActionMask = 2147483647;
			files = (
				15BFF5F12C10BA440014B668 /* SortOption+enum.swift in Sources */,
				15BFF5F72C10BA440014B668 /* ChartHelpers.swift in Sources */,
				15BFF5EA2C10BA440014B668 /* MarketViewModel.swift in Sources */,
				15BFF5DE2C10BA440014B668 /* CurrencyService.swift in Sources */,
				15BFF5E82C10BA440014B668 /* CoinListView.swift in Sources */,
				15BFF5FA2C10BA440014B668 /* ViewOffsetKey.swift in Sources */,
				15BFF5F82C10BA440014B668 /* LoadingView.swift in Sources */,
				15BFF5E72C10BA440014B668 /* ChartView.swift in Sources */,
				15BFF5EF2C10BA440014B668 /* Font.swift in Sources */,
				15BFF5E22C10BA440014B668 /* CoinHistoricalChartDataModel.swift in Sources */,
				15BFF5F52C10BA440014B668 /* TimerProtocol.swift in Sources */,
				15BFF5DD2C10BA440014B668 /* CoinDataService.swift in Sources */,
				15BFF5E12C10BA440014B668 /* CoinDetailModel.swift in Sources */,
				15BFF5DF2C10BA440014B668 /* LocationManager.swift in Sources */,
				15BFF5F92C10BA440014B668 /* ViewHelpers.swift in Sources */,
				15BFF5E52C10BA440014B668 /* DetailView.swift in Sources */,
				15BFF5F42C10BA440014B668 /* MarketCryptoCurrencyProtocol.swift in Sources */,
				15BFF5F22C10BA440014B668 /* MarketNavigation.swift in Sources */,
				15BFF5E02C10BA440014B668 /* NetworkingManager.swift in Sources */,
				15BFF5E62C10BA440014B668 /* DetailViewModel.swift in Sources */,
				15BFF5A82C10B99C0014B668 /* ContentView.swift in Sources */,
				15BFF5E92C10BA440014B668 /* MarketView.swift in Sources */,
				15BFF5EB2C10BA440014B668 /* AppFont.swift in Sources */,
				15BFF5E32C10BA440014B668 /* CoinModel.swift in Sources */,
				15BFF5E42C10BA440014B668 /* DetailChartView.swift in Sources */,
				15BFF5EE2C10BA440014B668 /* Double.swift in Sources */,
				15BFF5F32C10BA440014B668 /* DetailCryptoCurrencyProtocol.swift in Sources */,
				15BFF5F02C10BA440014B668 /* SortCoins.swift in Sources */,
				15BFF5F62C10BA440014B668 /* AsyncImage.swift in Sources */,
				15BFF5A62C10B99C0014B668 /* ExerciseWallesterApp.swift in Sources */,
			);
			runOnlyForDeploymentPostprocessing = 0;
		};
/* End PBXSourcesBuildPhase section */

/* Begin XCBuildConfiguration section */
		15BFF5AE2C10B99E0014B668 /* Debug */ = {
			isa = XCBuildConfiguration;
			buildSettings = {
				ALWAYS_SEARCH_USER_PATHS = NO;
				ASSETCATALOG_COMPILER_GENERATE_SWIFT_ASSET_SYMBOL_EXTENSIONS = YES;
				CLANG_ANALYZER_NONNULL = YES;
				CLANG_ANALYZER_NUMBER_OBJECT_CONVERSION = YES_AGGRESSIVE;
				CLANG_CXX_LANGUAGE_STANDARD = "gnu++20";
				CLANG_ENABLE_MODULES = YES;
				CLANG_ENABLE_OBJC_ARC = YES;
				CLANG_ENABLE_OBJC_WEAK = YES;
				CLANG_WARN_BLOCK_CAPTURE_AUTORELEASING = YES;
				CLANG_WARN_BOOL_CONVERSION = YES;
				CLANG_WARN_COMMA = YES;
				CLANG_WARN_CONSTANT_CONVERSION = YES;
				CLANG_WARN_DEPRECATED_OBJC_IMPLEMENTATIONS = YES;
				CLANG_WARN_DIRECT_OBJC_ISA_USAGE = YES_ERROR;
				CLANG_WARN_DOCUMENTATION_COMMENTS = YES;
				CLANG_WARN_EMPTY_BODY = YES;
				CLANG_WARN_ENUM_CONVERSION = YES;
				CLANG_WARN_INFINITE_RECURSION = YES;
				CLANG_WARN_INT_CONVERSION = YES;
				CLANG_WARN_NON_LITERAL_NULL_CONVERSION = YES;
				CLANG_WARN_OBJC_IMPLICIT_RETAIN_SELF = YES;
				CLANG_WARN_OBJC_LITERAL_CONVERSION = YES;
				CLANG_WARN_OBJC_ROOT_CLASS = YES_ERROR;
				CLANG_WARN_QUOTED_INCLUDE_IN_FRAMEWORK_HEADER = YES;
				CLANG_WARN_RANGE_LOOP_ANALYSIS = YES;
				CLANG_WARN_STRICT_PROTOTYPES = YES;
				CLANG_WARN_SUSPICIOUS_MOVE = YES;
				CLANG_WARN_UNGUARDED_AVAILABILITY = YES_AGGRESSIVE;
				CLANG_WARN_UNREACHABLE_CODE = YES;
				CLANG_WARN__DUPLICATE_METHOD_MATCH = YES;
				COPY_PHASE_STRIP = NO;
				DEBUG_INFORMATION_FORMAT = dwarf;
				ENABLE_STRICT_OBJC_MSGSEND = YES;
				ENABLE_TESTABILITY = YES;
				ENABLE_USER_SCRIPT_SANDBOXING = YES;
				GCC_C_LANGUAGE_STANDARD = gnu17;
				GCC_DYNAMIC_NO_PIC = NO;
				GCC_NO_COMMON_BLOCKS = YES;
				GCC_OPTIMIZATION_LEVEL = 0;
				GCC_PREPROCESSOR_DEFINITIONS = (
					"DEBUG=1",
					"$(inherited)",
				);
				GCC_WARN_64_TO_32_BIT_CONVERSION = YES;
				GCC_WARN_ABOUT_RETURN_TYPE = YES_ERROR;
				GCC_WARN_UNDECLARED_SELECTOR = YES;
				GCC_WARN_UNINITIALIZED_AUTOS = YES_AGGRESSIVE;
				GCC_WARN_UNUSED_FUNCTION = YES;
				GCC_WARN_UNUSED_VARIABLE = YES;
				IPHONEOS_DEPLOYMENT_TARGET = 17.5;
				LOCALIZATION_PREFERS_STRING_CATALOGS = YES;
				MTL_ENABLE_DEBUG_INFO = INCLUDE_SOURCE;
				MTL_FAST_MATH = YES;
				ONLY_ACTIVE_ARCH = YES;
				SDKROOT = iphoneos;
				SWIFT_ACTIVE_COMPILATION_CONDITIONS = "DEBUG $(inherited)";
				SWIFT_OPTIMIZATION_LEVEL = "-Onone";
			};
			name = Debug;
		};
		15BFF5AF2C10B99E0014B668 /* Release */ = {
			isa = XCBuildConfiguration;
			buildSettings = {
				ALWAYS_SEARCH_USER_PATHS = NO;
				ASSETCATALOG_COMPILER_GENERATE_SWIFT_ASSET_SYMBOL_EXTENSIONS = YES;
				CLANG_ANALYZER_NONNULL = YES;
				CLANG_ANALYZER_NUMBER_OBJECT_CONVERSION = YES_AGGRESSIVE;
				CLANG_CXX_LANGUAGE_STANDARD = "gnu++20";
				CLANG_ENABLE_MODULES = YES;
				CLANG_ENABLE_OBJC_ARC = YES;
				CLANG_ENABLE_OBJC_WEAK = YES;
				CLANG_WARN_BLOCK_CAPTURE_AUTORELEASING = YES;
				CLANG_WARN_BOOL_CONVERSION = YES;
				CLANG_WARN_COMMA = YES;
				CLANG_WARN_CONSTANT_CONVERSION = YES;
				CLANG_WARN_DEPRECATED_OBJC_IMPLEMENTATIONS = YES;
				CLANG_WARN_DIRECT_OBJC_ISA_USAGE = YES_ERROR;
				CLANG_WARN_DOCUMENTATION_COMMENTS = YES;
				CLANG_WARN_EMPTY_BODY = YES;
				CLANG_WARN_ENUM_CONVERSION = YES;
				CLANG_WARN_INFINITE_RECURSION = YES;
				CLANG_WARN_INT_CONVERSION = YES;
				CLANG_WARN_NON_LITERAL_NULL_CONVERSION = YES;
				CLANG_WARN_OBJC_IMPLICIT_RETAIN_SELF = YES;
				CLANG_WARN_OBJC_LITERAL_CONVERSION = YES;
				CLANG_WARN_OBJC_ROOT_CLASS = YES_ERROR;
				CLANG_WARN_QUOTED_INCLUDE_IN_FRAMEWORK_HEADER = YES;
				CLANG_WARN_RANGE_LOOP_ANALYSIS = YES;
				CLANG_WARN_STRICT_PROTOTYPES = YES;
				CLANG_WARN_SUSPICIOUS_MOVE = YES;
				CLANG_WARN_UNGUARDED_AVAILABILITY = YES_AGGRESSIVE;
				CLANG_WARN_UNREACHABLE_CODE = YES;
				CLANG_WARN__DUPLICATE_METHOD_MATCH = YES;
				COPY_PHASE_STRIP = NO;
				DEBUG_INFORMATION_FORMAT = "dwarf-with-dsym";
				ENABLE_NS_ASSERTIONS = NO;
				ENABLE_STRICT_OBJC_MSGSEND = YES;
				ENABLE_USER_SCRIPT_SANDBOXING = YES;
				GCC_C_LANGUAGE_STANDARD = gnu17;
				GCC_NO_COMMON_BLOCKS = YES;
				GCC_WARN_64_TO_32_BIT_CONVERSION = YES;
				GCC_WARN_ABOUT_RETURN_TYPE = YES_ERROR;
				GCC_WARN_UNDECLARED_SELECTOR = YES;
				GCC_WARN_UNINITIALIZED_AUTOS = YES_AGGRESSIVE;
				GCC_WARN_UNUSED_FUNCTION = YES;
				GCC_WARN_UNUSED_VARIABLE = YES;
				IPHONEOS_DEPLOYMENT_TARGET = 17.5;
				LOCALIZATION_PREFERS_STRING_CATALOGS = YES;
				MTL_ENABLE_DEBUG_INFO = NO;
				MTL_FAST_MATH = YES;
				SDKROOT = iphoneos;
				SWIFT_COMPILATION_MODE = wholemodule;
				VALIDATE_PRODUCT = YES;
			};
			name = Release;
		};
		15BFF5B12C10B99E0014B668 /* Debug */ = {
			isa = XCBuildConfiguration;
			buildSettings = {
				ASSETCATALOG_COMPILER_APPICON_NAME = AppIcon;
				ASSETCATALOG_COMPILER_GLOBAL_ACCENT_COLOR_NAME = AccentColor;
				CODE_SIGN_STYLE = Automatic;
				CURRENT_PROJECT_VERSION = 1;
				DEVELOPMENT_ASSET_PATHS = "\"ExerciseWallester/Preview Content\"";
				DEVELOPMENT_TEAM = XZA5R9TKBS;
				ENABLE_PREVIEWS = YES;
				GENERATE_INFOPLIST_FILE = YES;
				INFOPLIST_KEY_NSLocationWhenInUseUsageDescription = "App needs to access your location data to tell you your location";
				INFOPLIST_KEY_UIApplicationSceneManifest_Generation = YES;
				INFOPLIST_KEY_UIApplicationSupportsIndirectInputEvents = YES;
				INFOPLIST_KEY_UILaunchScreen_Generation = YES;
				INFOPLIST_KEY_UISupportedInterfaceOrientations_iPad = "UIInterfaceOrientationPortrait UIInterfaceOrientationPortraitUpsideDown UIInterfaceOrientationLandscapeLeft UIInterfaceOrientationLandscapeRight";
				INFOPLIST_KEY_UISupportedInterfaceOrientations_iPhone = "UIInterfaceOrientationPortrait UIInterfaceOrientationLandscapeLeft UIInterfaceOrientationLandscapeRight";
				LD_RUNPATH_SEARCH_PATHS = (
					"$(inherited)",
					"@executable_path/Frameworks",
				);
				MARKETING_VERSION = 1.0;
				PRODUCT_BUNDLE_IDENTIFIER = deffsin.ExerciseWallester;
				PRODUCT_NAME = "$(TARGET_NAME)";
				SWIFT_EMIT_LOC_STRINGS = YES;
				SWIFT_VERSION = 5.0;
				TARGETED_DEVICE_FAMILY = "1,2";
			};
			name = Debug;
		};
		15BFF5B22C10B99E0014B668 /* Release */ = {
			isa = XCBuildConfiguration;
			buildSettings = {
				ASSETCATALOG_COMPILER_APPICON_NAME = AppIcon;
				ASSETCATALOG_COMPILER_GLOBAL_ACCENT_COLOR_NAME = AccentColor;
				CODE_SIGN_STYLE = Automatic;
				CURRENT_PROJECT_VERSION = 1;
				DEVELOPMENT_ASSET_PATHS = "\"ExerciseWallester/Preview Content\"";
				DEVELOPMENT_TEAM = XZA5R9TKBS;
				ENABLE_PREVIEWS = YES;
				GENERATE_INFOPLIST_FILE = YES;
				INFOPLIST_KEY_NSLocationWhenInUseUsageDescription = "App needs to access your location data to tell you your location";
				INFOPLIST_KEY_UIApplicationSceneManifest_Generation = YES;
				INFOPLIST_KEY_UIApplicationSupportsIndirectInputEvents = YES;
				INFOPLIST_KEY_UILaunchScreen_Generation = YES;
				INFOPLIST_KEY_UISupportedInterfaceOrientations_iPad = "UIInterfaceOrientationPortrait UIInterfaceOrientationPortraitUpsideDown UIInterfaceOrientationLandscapeLeft UIInterfaceOrientationLandscapeRight";
				INFOPLIST_KEY_UISupportedInterfaceOrientations_iPhone = "UIInterfaceOrientationPortrait UIInterfaceOrientationLandscapeLeft UIInterfaceOrientationLandscapeRight";
				LD_RUNPATH_SEARCH_PATHS = (
					"$(inherited)",
					"@executable_path/Frameworks",
				);
				MARKETING_VERSION = 1.0;
				PRODUCT_BUNDLE_IDENTIFIER = deffsin.ExerciseWallester;
				PRODUCT_NAME = "$(TARGET_NAME)";
				SWIFT_EMIT_LOC_STRINGS = YES;
				SWIFT_VERSION = 5.0;
				TARGETED_DEVICE_FAMILY = "1,2";
			};
			name = Release;
		};
/* End XCBuildConfiguration section */

/* Begin XCConfigurationList section */
		15BFF59D2C10B99C0014B668 /* Build configuration list for PBXProject "ExerciseWallester" */ = {
			isa = XCConfigurationList;
			buildConfigurations = (
				15BFF5AE2C10B99E0014B668 /* Debug */,
				15BFF5AF2C10B99E0014B668 /* Release */,
			);
			defaultConfigurationIsVisible = 0;
			defaultConfigurationName = Release;
		};
		15BFF5B02C10B99E0014B668 /* Build configuration list for PBXNativeTarget "ExerciseWallester" */ = {
			isa = XCConfigurationList;
			buildConfigurations = (
				15BFF5B12C10B99E0014B668 /* Debug */,
				15BFF5B22C10B99E0014B668 /* Release */,
			);
			defaultConfigurationIsVisible = 0;
			defaultConfigurationName = Release;
		};
/* End XCConfigurationList section */
	};
	rootObject = 15BFF59A2C10B99C0014B668 /* Project object */;
}
